// !$*UTF8*$!
{
	archiveVersion = 1;
	classes = {
	};
	objectVersion = 46;
	objects = {

/* Begin PBXBuildFile section */
		9674029B139A2B83002DDA3B /* ImageProcessing.framework in Frameworks */ = {isa = PBXBuildFile; fileRef = 9674029A139A2B83002DDA3B /* ImageProcessing.framework */; };
		9674029C139A2BE8002DDA3B /* icon.png in Resources */ = {isa = PBXBuildFile; fileRef = 969EC6B7136E5FFF00B7B69F /* icon.png */; };
		967402A7139A37DA002DDA3B /* markerLayer.m in Sources */ = {isa = PBXBuildFile; fileRef = 967402A6139A37DA002DDA3B /* markerLayer.m */; };
		967402BA139A41D8002DDA3B /* haarcascade_frontalface_default.xml in Resources */ = {isa = PBXBuildFile; fileRef = 967402B8139A41D8002DDA3B /* haarcascade_frontalface_default.xml */; };
		967402BB139A41D8002DDA3B /* haarcascade_profileface.xml in Resources */ = {isa = PBXBuildFile; fileRef = 967402B9139A41D8002DDA3B /* haarcascade_profileface.xml */; };
		EB006143139A0EB40050418B /* camera-Info.plist in Resources */ = {isa = PBXBuildFile; fileRef = EB006141139A0EB40050418B /* camera-Info.plist */; };
		EB00614E139A0F210050418B /* cameraAppDelegate.m in Sources */ = {isa = PBXBuildFile; fileRef = EB00614B139A0F210050418B /* cameraAppDelegate.m */; };
		EB00614F139A0F210050418B /* cameraViewController.m in Sources */ = {isa = PBXBuildFile; fileRef = EB00614D139A0F210050418B /* cameraViewController.m */; };
		EB006151139A0F420050418B /* main.m in Sources */ = {isa = PBXBuildFile; fileRef = EB006150139A0F420050418B /* main.m */; };
		EB006154139A0F8D0050418B /* flashBackViewController.xib in Resources */ = {isa = PBXBuildFile; fileRef = EB006152139A0F8D0050418B /* flashBackViewController.xib */; };
		EB006155139A0F8D0050418B /* MainWindow.xib in Resources */ = {isa = PBXBuildFile; fileRef = EB006153139A0F8D0050418B /* MainWindow.xib */; };
		EB006173139A155B0050418B /* CoreVideo.framework in Frameworks */ = {isa = PBXBuildFile; fileRef = EB006172139A155B0050418B /* CoreVideo.framework */; };
		EB006175139A15770050418B /* Foundation.framework in Frameworks */ = {isa = PBXBuildFile; fileRef = EB006174139A15770050418B /* Foundation.framework */; };
		EB006177139A15DE0050418B /* UIKit.framework in Frameworks */ = {isa = PBXBuildFile; fileRef = EB006176139A15DE0050418B /* UIKit.framework */; };
		EB006179139A162E0050418B /* CoreFoundation.framework in Frameworks */ = {isa = PBXBuildFile; fileRef = EB006178139A162E0050418B /* CoreFoundation.framework */; };
		EB00617B139A16470050418B /* CoreMedia.framework in Frameworks */ = {isa = PBXBuildFile; fileRef = EB00617A139A16470050418B /* CoreMedia.framework */; };
		EB2479B71367EBE3005D97B9 /* CoreGraphics.framework in Frameworks */ = {isa = PBXBuildFile; fileRef = EB2479B61367EBE3005D97B9 /* CoreGraphics.framework */; };
		EB247A3F13681474005D97B9 /* AVFoundation.framework in Frameworks */ = {isa = PBXBuildFile; fileRef = EB247A3E13681474005D97B9 /* AVFoundation.framework */; };
		EB247A4113681479005D97B9 /* ImageIO.framework in Frameworks */ = {isa = PBXBuildFile; fileRef = EB247A4013681479005D97B9 /* ImageIO.framework */; };
		EB247A45136816EE005D97B9 /* QuartzCore.framework in Frameworks */ = {isa = PBXBuildFile; fileRef = EB247A44136816EE005D97B9 /* QuartzCore.framework */; };
		EBE38CFC13908765007155B2 /* Accelerate.framework in Frameworks */ = {isa = PBXBuildFile; fileRef = EBE38CFB13908765007155B2 /* Accelerate.framework */; };
/* End PBXBuildFile section */

/* Begin PBXFileReference section */
		9674029A139A2B83002DDA3B /* ImageProcessing.framework */ = {isa = PBXFileReference; lastKnownFileType = wrapper.framework; name = ImageProcessing.framework; path = "../ImageProcessing/DerivedData/ImageProcessing/Build/Products/Debug-framework/ImageProcessing.framework"; sourceTree = "<group>"; };
		967402A5139A37DA002DDA3B /* markerLayer.h */ = {isa = PBXFileReference; fileEncoding = 4; lastKnownFileType = sourcecode.c.h; name = markerLayer.h; path = camera01.xcodeproj/markerLayer.h; sourceTree = SOURCE_ROOT; };
		967402A6139A37DA002DDA3B /* markerLayer.m */ = {isa = PBXFileReference; fileEncoding = 4; lastKnownFileType = sourcecode.c.objc; name = markerLayer.m; path = camera01.xcodeproj/markerLayer.m; sourceTree = SOURCE_ROOT; };
		967402B8139A41D8002DDA3B /* haarcascade_frontalface_default.xml */ = {isa = PBXFileReference; fileEncoding = 4; lastKnownFileType = text.xml; name = haarcascade_frontalface_default.xml; path = haarcascades/haarcascade_frontalface_default.xml; sourceTree = "<group>"; };
		967402B9139A41D8002DDA3B /* haarcascade_profileface.xml */ = {isa = PBXFileReference; fileEncoding = 4; lastKnownFileType = text.xml; name = haarcascade_profileface.xml; path = haarcascades/haarcascade_profileface.xml; sourceTree = "<group>"; };
		969EC6B7136E5FFF00B7B69F /* icon.png */ = {isa = PBXFileReference; lastKnownFileType = image.png; path = icon.png; sourceTree = "<group>"; };
		EB006141139A0EB40050418B /* camera-Info.plist */ = {isa = PBXFileReference; fileEncoding = 4; lastKnownFileType = text.plist.xml; path = "camera-Info.plist"; sourceTree = SOURCE_ROOT; };
		EB006142139A0EB40050418B /* camera-Prefix.pch */ = {isa = PBXFileReference; fileEncoding = 4; lastKnownFileType = sourcecode.c.h; path = "camera-Prefix.pch"; sourceTree = SOURCE_ROOT; };
		EB00614A139A0F210050418B /* cameraAppDelegate.h */ = {isa = PBXFileReference; fileEncoding = 4; lastKnownFileType = sourcecode.c.h; name = cameraAppDelegate.h; path = Classes/cameraAppDelegate.h; sourceTree = SOURCE_ROOT; };
		EB00614B139A0F210050418B /* cameraAppDelegate.m */ = {isa = PBXFileReference; fileEncoding = 4; lastKnownFileType = sourcecode.c.objc; name = cameraAppDelegate.m; path = Classes/cameraAppDelegate.m; sourceTree = SOURCE_ROOT; };
		EB00614C139A0F210050418B /* cameraViewController.h */ = {isa = PBXFileReference; fileEncoding = 4; lastKnownFileType = sourcecode.c.h; name = cameraViewController.h; path = Classes/cameraViewController.h; sourceTree = SOURCE_ROOT; };
		EB00614D139A0F210050418B /* cameraViewController.m */ = {isa = PBXFileReference; fileEncoding = 4; lastKnownFileType = sourcecode.c.objc; name = cameraViewController.m; path = Classes/cameraViewController.m; sourceTree = SOURCE_ROOT; };
		EB006150139A0F420050418B /* main.m */ = {isa = PBXFileReference; fileEncoding = 4; lastKnownFileType = sourcecode.c.objc; path = main.m; sourceTree = SOURCE_ROOT; };
		EB006152139A0F8D0050418B /* flashBackViewController.xib */ = {isa = PBXFileReference; fileEncoding = 4; lastKnownFileType = file.xib; name = flashBackViewController.xib; path = Nib/flashBackViewController.xib; sourceTree = SOURCE_ROOT; };
		EB006153139A0F8D0050418B /* MainWindow.xib */ = {isa = PBXFileReference; fileEncoding = 4; lastKnownFileType = file.xib; name = MainWindow.xib; path = Nib/MainWindow.xib; sourceTree = SOURCE_ROOT; };
		EB006160139A12E30050418B /* CoreFoundation.framework */ = {isa = PBXFileReference; lastKnownFileType = wrapper.framework; name = CoreFoundation.framework; path = System/Library/Frameworks/CoreFoundation.framework; sourceTree = SDKROOT; };
		EB00616D139A148A0050418B /* CoreMedia.framework */ = {isa = PBXFileReference; lastKnownFileType = wrapper.framework; name = CoreMedia.framework; path = System/Library/Frameworks/CoreMedia.framework; sourceTree = SDKROOT; };
		EB006172139A155B0050418B /* CoreVideo.framework */ = {isa = PBXFileReference; lastKnownFileType = wrapper.framework; name = CoreVideo.framework; path = System/Library/Frameworks/CoreVideo.framework; sourceTree = SDKROOT; };
		EB006174139A15770050418B /* Foundation.framework */ = {isa = PBXFileReference; lastKnownFileType = wrapper.framework; name = Foundation.framework; path = System/Library/Frameworks/Foundation.framework; sourceTree = SDKROOT; };
		EB006176139A15DE0050418B /* UIKit.framework */ = {isa = PBXFileReference; lastKnownFileType = wrapper.framework; name = UIKit.framework; path = System/Library/Frameworks/UIKit.framework; sourceTree = SDKROOT; };
		EB006178139A162E0050418B /* CoreFoundation.framework */ = {isa = PBXFileReference; lastKnownFileType = wrapper.framework; name = CoreFoundation.framework; path = System/Library/Frameworks/CoreFoundation.framework; sourceTree = SDKROOT; };
		EB00617A139A16470050418B /* CoreMedia.framework */ = {isa = PBXFileReference; lastKnownFileType = wrapper.framework; name = CoreMedia.framework; path = System/Library/Frameworks/CoreMedia.framework; sourceTree = SDKROOT; };
		EB2479AE1367EBE3005D97B9 /* camera.app */ = {isa = PBXFileReference; explicitFileType = wrapper.application; includeInIndex = 0; path = camera.app; sourceTree = BUILT_PRODUCTS_DIR; };
		EB2479B61367EBE3005D97B9 /* CoreGraphics.framework */ = {isa = PBXFileReference; lastKnownFileType = wrapper.framework; name = CoreGraphics.framework; path = System/Library/Frameworks/CoreGraphics.framework; sourceTree = SDKROOT; };
		EB247A3E13681474005D97B9 /* AVFoundation.framework */ = {isa = PBXFileReference; lastKnownFileType = wrapper.framework; name = AVFoundation.framework; path = System/Library/Frameworks/AVFoundation.framework; sourceTree = SDKROOT; };
		EB247A4013681479005D97B9 /* ImageIO.framework */ = {isa = PBXFileReference; lastKnownFileType = wrapper.framework; name = ImageIO.framework; path = System/Library/Frameworks/ImageIO.framework; sourceTree = SDKROOT; };
		EB247A44136816EE005D97B9 /* QuartzCore.framework */ = {isa = PBXFileReference; lastKnownFileType = wrapper.framework; name = QuartzCore.framework; path = System/Library/Frameworks/QuartzCore.framework; sourceTree = SDKROOT; };
		EBE38CFB13908765007155B2 /* Accelerate.framework */ = {isa = PBXFileReference; lastKnownFileType = wrapper.framework; name = Accelerate.framework; path = System/Library/Frameworks/Accelerate.framework; sourceTree = SDKROOT; };
/* End PBXFileReference section */

/* Begin PBXFrameworksBuildPhase section */
		EB2479AB1367EBE2005D97B9 /* Frameworks */ = {
			isa = PBXFrameworksBuildPhase;
			buildActionMask = 2147483647;
			files = (
				9674029B139A2B83002DDA3B /* ImageProcessing.framework in Frameworks */,
				EB00617B139A16470050418B /* CoreMedia.framework in Frameworks */,
				EB006179139A162E0050418B /* CoreFoundation.framework in Frameworks */,
				EB006177139A15DE0050418B /* UIKit.framework in Frameworks */,
				EB006175139A15770050418B /* Foundation.framework in Frameworks */,
				EB006173139A155B0050418B /* CoreVideo.framework in Frameworks */,
				EBE38CFC13908765007155B2 /* Accelerate.framework in Frameworks */,
				EB247A45136816EE005D97B9 /* QuartzCore.framework in Frameworks */,
				EB247A4113681479005D97B9 /* ImageIO.framework in Frameworks */,
				EB247A3F13681474005D97B9 /* AVFoundation.framework in Frameworks */,
				EB2479B71367EBE3005D97B9 /* CoreGraphics.framework in Frameworks */,
			);
			runOnlyForDeploymentPostprocessing = 0;
		};
/* End PBXFrameworksBuildPhase section */

/* Begin PBXGroup section */
		96F6CCC9136E8E830061AA03 /* Nib */ = {
			isa = PBXGroup;
			children = (
				EB006152139A0F8D0050418B /* flashBackViewController.xib */,
				EB006153139A0F8D0050418B /* MainWindow.xib */,
			);
			name = Nib;
			path = flashBack;
			sourceTree = "<group>";
		};
		EB00617C139A172A0050418B /* Frameworks */ = {
			isa = PBXGroup;
			children = (
				EB00616D139A148A0050418B /* CoreMedia.framework */,
				EB006160139A12E30050418B /* CoreFoundation.framework */,
				EBE38CFB13908765007155B2 /* Accelerate.framework */,
				EB247A44136816EE005D97B9 /* QuartzCore.framework */,
				EB247A4013681479005D97B9 /* ImageIO.framework */,
				EB247A3E13681474005D97B9 /* AVFoundation.framework */,
				EB2479B61367EBE3005D97B9 /* CoreGraphics.framework */,
				EB00617A139A16470050418B /* CoreMedia.framework */,
				EB006178139A162E0050418B /* CoreFoundation.framework */,
				EB006176139A15DE0050418B /* UIKit.framework */,
				EB006174139A15770050418B /* Foundation.framework */,
				EB006172139A155B0050418B /* CoreVideo.framework */,
			);
			name = Frameworks;
			sourceTree = "<group>";
		};
		EB2479A31367EBE2005D97B9 = {
			isa = PBXGroup;
			children = (
				967402B8139A41D8002DDA3B /* haarcascade_frontalface_default.xml */,
				967402B9139A41D8002DDA3B /* haarcascade_profileface.xml */,
				9674029A139A2B83002DDA3B /* ImageProcessing.framework */,
				EB00617C139A172A0050418B /* Frameworks */,
				969EC6B7136E5FFF00B7B69F /* icon.png */,
				EB2479B91367EBE3005D97B9 /* Supporting Files */,
				96F6CCC9136E8E830061AA03 /* Nib */,
				EB2479B81367EBE3005D97B9 /* Classes */,
				EB2479AF1367EBE3005D97B9 /* Products */,
			);
			sourceTree = "<group>";
		};
		EB2479AF1367EBE3005D97B9 /* Products */ = {
			isa = PBXGroup;
			children = (
				EB2479AE1367EBE3005D97B9 /* camera.app */,
			);
			name = Products;
			sourceTree = "<group>";
		};
		EB2479B81367EBE3005D97B9 /* Classes */ = {
			isa = PBXGroup;
			children = (
				EB00614A139A0F210050418B /* cameraAppDelegate.h */,
				EB00614B139A0F210050418B /* cameraAppDelegate.m */,
				EB00614C139A0F210050418B /* cameraViewController.h */,
				EB00614D139A0F210050418B /* cameraViewController.m */,
				967402A5139A37DA002DDA3B /* markerLayer.h */,
				967402A6139A37DA002DDA3B /* markerLayer.m */,
			);
			name = Classes;
			path = flashBack;
			sourceTree = "<group>";
		};
		EB2479B91367EBE3005D97B9 /* Supporting Files */ = {
			isa = PBXGroup;
			children = (
				EB006141139A0EB40050418B /* camera-Info.plist */,
				EB006142139A0EB40050418B /* camera-Prefix.pch */,
				EB006150139A0F420050418B /* main.m */,
			);
			name = "Supporting Files";
			path = flashBack;
			sourceTree = "<group>";
		};
/* End PBXGroup section */

/* Begin PBXNativeTarget section */
		EB2479AD1367EBE2005D97B9 /* camera */ = {
			isa = PBXNativeTarget;
			buildConfigurationList = EB2479E51367EBE3005D97B9 /* Build configuration list for PBXNativeTarget "camera" */;
			buildPhases = (
				EB2479AA1367EBE2005D97B9 /* Sources */,
				EB2479AB1367EBE2005D97B9 /* Frameworks */,
				EB2479AC1367EBE2005D97B9 /* Resources */,
			);
			buildRules = (
			);
			dependencies = (
			);
			name = camera;
			productName = flashBack;
			productReference = EB2479AE1367EBE3005D97B9 /* camera.app */;
			productType = "com.apple.product-type.application";
		};
/* End PBXNativeTarget section */

/* Begin PBXProject section */
		EB2479A51367EBE2005D97B9 /* Project object */ = {
			isa = PBXProject;
			buildConfigurationList = EB2479A81367EBE2005D97B9 /* Build configuration list for PBXProject "camera01" */;
			compatibilityVersion = "Xcode 3.2";
			developmentRegion = English;
			hasScannedForEncodings = 0;
			knownRegions = (
				en,
			);
			mainGroup = EB2479A31367EBE2005D97B9;
			productRefGroup = EB2479AF1367EBE3005D97B9 /* Products */;
			projectDirPath = "";
			projectRoot = "";
			targets = (
				EB2479AD1367EBE2005D97B9 /* camera */,
			);
		};
/* End PBXProject section */

/* Begin PBXResourcesBuildPhase section */
		EB2479AC1367EBE2005D97B9 /* Resources */ = {
			isa = PBXResourcesBuildPhase;
			buildActionMask = 2147483647;
			files = (
				EB006143139A0EB40050418B /* camera-Info.plist in Resources */,
				EB006154139A0F8D0050418B /* flashBackViewController.xib in Resources */,
				EB006155139A0F8D0050418B /* MainWindow.xib in Resources */,
				9674029C139A2BE8002DDA3B /* icon.png in Resources */,
				967402BA139A41D8002DDA3B /* haarcascade_frontalface_default.xml in Resources */,
				967402BB139A41D8002DDA3B /* haarcascade_profileface.xml in Resources */,
			);
			runOnlyForDeploymentPostprocessing = 0;
		};
/* End PBXResourcesBuildPhase section */

/* Begin PBXSourcesBuildPhase section */
		EB2479AA1367EBE2005D97B9 /* Sources */ = {
			isa = PBXSourcesBuildPhase;
			buildActionMask = 2147483647;
			files = (
				EB00614E139A0F210050418B /* cameraAppDelegate.m in Sources */,
				EB00614F139A0F210050418B /* cameraViewController.m in Sources */,
				EB006151139A0F420050418B /* main.m in Sources */,
				967402A7139A37DA002DDA3B /* markerLayer.m in Sources */,
			);
			runOnlyForDeploymentPostprocessing = 0;
		};
/* End PBXSourcesBuildPhase section */

/* Begin XCBuildConfiguration section */
		EB2479E31367EBE3005D97B9 /* Debug */ = {
			isa = XCBuildConfiguration;
			buildSettings = {
				ARCHS = armv7;
				"CODE_SIGN_IDENTITY[sdk=iphoneos*]" = "iPhone Developer";
				GCC_C_LANGUAGE_STANDARD = gnu99;
				GCC_OPTIMIZATION_LEVEL = 0;
				GCC_PREPROCESSOR_DEFINITIONS = DEBUG;
				GCC_SYMBOLS_PRIVATE_EXTERN = NO;
				GCC_VERSION = com.apple.compilers.llvmgcc42;
				GCC_WARN_ABOUT_RETURN_TYPE = YES;
				GCC_WARN_UNUSED_VARIABLE = YES;
				IPHONEOS_DEPLOYMENT_TARGET = 4.0;
				SDKROOT = iphoneos;
				VALID_ARCHS = armv7;
			};
			name = Debug;
		};
		EB2479E41367EBE3005D97B9 /* Release */ = {
			isa = XCBuildConfiguration;
			buildSettings = {
				ARCHS = armv7;
				"CODE_SIGN_IDENTITY[sdk=iphoneos*]" = "iPhone Developer";
				GCC_C_LANGUAGE_STANDARD = gnu99;
				GCC_VERSION = com.apple.compilers.llvmgcc42;
				GCC_WARN_ABOUT_RETURN_TYPE = YES;
				GCC_WARN_UNUSED_VARIABLE = YES;
				IPHONEOS_DEPLOYMENT_TARGET = 4.0;
				OTHER_CFLAGS = "-DNS_BLOCK_ASSERTIONS=1";
				SDKROOT = iphoneos;
				VALID_ARCHS = armv7;
			};
			name = Release;
		};
		EB2479E61367EBE3005D97B9 /* Debug */ = {
			isa = XCBuildConfiguration;
			buildSettings = {
				ALWAYS_SEARCH_USER_PATHS = NO;
				ARCHS = armv7;
				"CODE_SIGN_IDENTITY[sdk=iphoneos*]" = "iPhone Developer: Yusuke Sekikawa (L98UKNS65F)";
				COPY_PHASE_STRIP = NO;
				FRAMEWORK_SEARCH_PATHS = (
					"$(inherited)",
					"\"$(SRCROOT)/..\"",
					"\"$(SRCROOT)/../ImageProcessing/DerivedData/ImageProcessing/Build/Products/Debug-framework\"",
				);
				GCC_DYNAMIC_NO_PIC = NO;
				GCC_PRECOMPILE_PREFIX_HEADER = YES;
				GCC_PREFIX_HEADER = "camera-Prefix.pch";
				GCC_PREPROCESSOR_DEFINITIONS = (
					DEBUG,
					"DEBUG_MODE=1",
				);
				GCC_THUMB_SUPPORT = NO;
				HEADER_SEARCH_PATHS = "";
				INFOPLIST_FILE = "camera-Info.plist";
				IPHONEOS_DEPLOYMENT_TARGET = 4.3;
				LIBRARY_SEARCH_PATHS = "$(inherited)";
				ONLY_ACTIVE_ARCH = NO;
				OTHER_LDFLAGS = (
					"-lz",
					"-lstdc++",
				);
				PRODUCT_NAME = "$(TARGET_NAME)";
				"PROVISIONING_PROFILE[sdk=iphoneos*]" = "C964128E-4F54-41E5-8FAA-8245CB631CB3";
				VALID_ARCHS = armv7;
				WRAPPER_EXTENSION = app;
			};
			name = Debug;
		};
		EB2479E71367EBE3005D97B9 /* Release */ = {
			isa = XCBuildConfiguration;
			buildSettings = {
				ALWAYS_SEARCH_USER_PATHS = NO;
				ARCHS = armv7;
				COPY_PHASE_STRIP = YES;
				FRAMEWORK_SEARCH_PATHS = (
					"$(inherited)",
					"\"$(SRCROOT)/..\"",
					"\"$(SRCROOT)/../ImageProcessing/DerivedData/ImageProcessing/Build/Products/Debug-framework\"",
				);
				GCC_PRECOMPILE_PREFIX_HEADER = YES;
				GCC_PREFIX_HEADER = "camera-Prefix.pch";
				GCC_THUMB_SUPPORT = NO;
				HEADER_SEARCH_PATHS = "";
				INFOPLIST_FILE = "camera-Info.plist";
				IPHONEOS_DEPLOYMENT_TARGET = 4.3;
				LIBRARY_SEARCH_PATHS = "$(inherited)";
				ONLY_ACTIVE_ARCH = NO;
				OTHER_LDFLAGS = (
					"-lz",
					"-lstdc++",
				);
				PRODUCT_NAME = "$(TARGET_NAME)";
				VALIDATE_PRODUCT = YES;
				VALID_ARCHS = armv7;
				WRAPPER_EXTENSION = app;
			};
			name = Release;
		};
/* End XCBuildConfiguration section */

/* Begin XCConfigurationList section */
		EB2479A81367EBE2005D97B9 /* Build configuration list for PBXProject "camera01" */ = {
			isa = XCConfigurationList;
			buildConfigurations = (
				EB2479E31367EBE3005D97B9 /* Debug */,
				EB2479E41367EBE3005D97B9 /* Release */,
			);
			defaultConfigurationIsVisible = 0;
			defaultConfigurationName = Release;
		};
		EB2479E51367EBE3005D97B9 /* Build configuration list for PBXNativeTarget "camera" */ = {
			isa = XCConfigurationList;
			buildConfigurations = (
				EB2479E61367EBE3005D97B9 /* Debug */,
				EB2479E71367EBE3005D97B9 /* Release */,
			);
			defaultConfigurationIsVisible = 0;
			defaultConfigurationName = Release;
		};
/* End XCConfigurationList section */
	};
	rootObject = EB2479A51367EBE2005D97B9 /* Project object */;
}
